
Microsoft Visual Studio Solution File, Format Version 12.00
# Visual Studio Version 16
VisualStudioVersion = 16.0.33801.447
MinimumVisualStudioVersion = 10.0.40219.1
Project("{F14B399A-7131-4C87-9E4B-1186C45EF12D}") = "SalesinformationVS", "SalesinformationVS.rptproj", "{88AAF2C8-9F89-4850-AC04-74431643DAB4}"
EndProject
Global
	GlobalSection(SolutionConfigurationPlatforms) = preSolution
		Debug|Default = Debug|Default
		DebugLocal|Default = DebugLocal|Default
		Release|Default = Release|Default
	EndGlobalSection
	GlobalSection(ProjectConfigurationPlatforms) = postSolution
		{88AAF2C8-9F89-4850-AC04-74431643DAB4}.Debug|Default.ActiveCfg = Debug
		{88AAF2C8-9F89-4850-AC04-74431643DAB4}.Debug|Default.Build.0 = Debug
		{88AAF2C8-9F89-4850-AC04-74431643DAB4}.Debug|Default.Deploy.0 = Debug
		{88AAF2C8-9F89-4850-AC04-74431643DAB4}.DebugLocal|Default.ActiveCfg = DebugLocal
		{88AAF2C8-9F89-4850-AC04-74431643DAB4}.DebugLocal|Default.Build.0 = DebugLocal
		{88AAF2C8-9F89-4850-AC04-74431643DAB4}.Release|Default.ActiveCfg = Release
		{88AAF2C8-9F89-4850-AC04-74431643DAB4}.Release|Default.Build.0 = Release
		{88AAF2C8-9F89-4850-AC04-74431643DAB4}.Release|Default.Deploy.0 = Release
	EndGlobalSection
	GlobalSection(SolutionProperties) = preSolution
		HideSolutionNode = FALSE
	EndGlobalSection
	GlobalSection(ExtensibilityGlobals) = postSolution
		SolutionGuid = {3DF6A204-0DD7-4165-BE16-0BD169F7A714}
	EndGlobalSection
EndGlobal
